// !$*UTF8*$!
{
	archiveVersion = 1;
	classes = {
	};
	objectVersion = 56;
	objects = {

/* Begin PBXBuildFile section */
		CA00C98429D558A800950405 /* TitlesViewController.swift in Sources */ = {isa = PBXBuildFile; fileRef = CA00C98329D558A800950405 /* TitlesViewController.swift */; };
		CA00C98629D558C100950405 /* TitlesModelData.swift in Sources */ = {isa = PBXBuildFile; fileRef = CA00C98529D558C100950405 /* TitlesModelData.swift */; };
		CA00C98929D5614400950405 /* TitlesTVC.swift in Sources */ = {isa = PBXBuildFile; fileRef = CA00C98829D5614300950405 /* TitlesTVC.swift */; };
		CA63DF8229D7FED600E9F2E6 /* ImgView + Ext.swift in Sources */ = {isa = PBXBuildFile; fileRef = CA63DF8129D7FED600E9F2E6 /* ImgView + Ext.swift */; };
		CA64461729DD549C00E186A1 /* CreditsViewController.swift in Sources */ = {isa = PBXBuildFile; fileRef = CA64461629DD549C00E186A1 /* CreditsViewController.swift */; };
		CA64461929DD54B000E186A1 /* CreditsModelData.swift in Sources */ = {isa = PBXBuildFile; fileRef = CA64461829DD54B000E186A1 /* CreditsModelData.swift */; };
		CA64461B29DD55FA00E186A1 /* CreditsTVC.swift in Sources */ = {isa = PBXBuildFile; fileRef = CA64461A29DD55FA00E186A1 /* CreditsTVC.swift */; };
		CA64461E29DD63C200E186A1 /* ExternalViewController.swift in Sources */ = {isa = PBXBuildFile; fileRef = CA64461D29DD63C200E186A1 /* ExternalViewController.swift */; };
		CA64462029DD63D300E186A1 /* ExternalModelData.swift in Sources */ = {isa = PBXBuildFile; fileRef = CA64461F29DD63D300E186A1 /* ExternalModelData.swift */; };
		CA64462329DEB06A00E186A1 /* KeywordModelData.swift in Sources */ = {isa = PBXBuildFile; fileRef = CA64462229DEB06A00E186A1 /* KeywordModelData.swift */; };
		CA64462529DEB07D00E186A1 /* KeywordViewController.swift in Sources */ = {isa = PBXBuildFile; fileRef = CA64462429DEB07D00E186A1 /* KeywordViewController.swift */; };
		CA64462729DEB76700E186A1 /* KeywordTVC.swift in Sources */ = {isa = PBXBuildFile; fileRef = CA64462629DEB76700E186A1 /* KeywordTVC.swift */; };
		CAA85C5029D97A11000DE4C2 /* ChangesViewController.swift in Sources */ = {isa = PBXBuildFile; fileRef = CAA85C4F29D97A11000DE4C2 /* ChangesViewController.swift */; };
		CAA85C5229D97A38000DE4C2 /* ChangesModelData.swift in Sources */ = {isa = PBXBuildFile; fileRef = CAA85C5129D97A38000DE4C2 /* ChangesModelData.swift */; };
		CAC0283B29EA8B1D0047AD4E /* IntroViewController.swift in Sources */ = {isa = PBXBuildFile; fileRef = CAC0283A29EA8B1D0047AD4E /* IntroViewController.swift */; };
		CAC0283D29EAA7C00047AD4E /* Button + Ext.swift in Sources */ = {isa = PBXBuildFile; fileRef = CAC0283C29EAA7C00047AD4E /* Button + Ext.swift */; };
		CACAEB8629D2E1F400AC4501 /* AppDelegate.swift in Sources */ = {isa = PBXBuildFile; fileRef = CACAEB8529D2E1F400AC4501 /* AppDelegate.swift */; };
		CACAEB8829D2E1F400AC4501 /* SceneDelegate.swift in Sources */ = {isa = PBXBuildFile; fileRef = CACAEB8729D2E1F400AC4501 /* SceneDelegate.swift */; };
		CACAEB8A29D2E1F400AC4501 /* DetailsViewController.swift in Sources */ = {isa = PBXBuildFile; fileRef = CACAEB8929D2E1F400AC4501 /* DetailsViewController.swift */; };
		CACAEB8D29D2E1F400AC4501 /* Main.storyboard in Resources */ = {isa = PBXBuildFile; fileRef = CACAEB8B29D2E1F400AC4501 /* Main.storyboard */; };
		CACAEB8F29D2E1F500AC4501 /* Assets.xcassets in Resources */ = {isa = PBXBuildFile; fileRef = CACAEB8E29D2E1F500AC4501 /* Assets.xcassets */; };
		CACAEB9229D2E1F500AC4501 /* LaunchScreen.storyboard in Resources */ = {isa = PBXBuildFile; fileRef = CACAEB9029D2E1F500AC4501 /* LaunchScreen.storyboard */; };
		CACAEB9D29D2E5A300AC4501 /* DetailsModelData.swift in Sources */ = {isa = PBXBuildFile; fileRef = CACAEB9C29D2E5A300AC4501 /* DetailsModelData.swift */; };
		CACAEB9F29D2E6CF00AC4501 /* APIManager.swift in Sources */ = {isa = PBXBuildFile; fileRef = CACAEB9E29D2E6CF00AC4501 /* APIManager.swift */; };
		CACAEBA229D2E77100AC4501 /* Reachability in Frameworks */ = {isa = PBXBuildFile; productRef = CACAEBA129D2E77100AC4501 /* Reachability */; };
		CACAEBA529D2E79B00AC4501 /* MBProgressHUD in Frameworks */ = {isa = PBXBuildFile; productRef = CACAEBA429D2E79B00AC4501 /* MBProgressHUD */; };
		CAE9A87F29E5265F0035D889 /* ListsViewController.swift in Sources */ = {isa = PBXBuildFile; fileRef = CAE9A87E29E5265F0035D889 /* ListsViewController.swift */; };
		CAE9A88129E5266B0035D889 /* RecommendationsViewController.swift in Sources */ = {isa = PBXBuildFile; fileRef = CAE9A88029E5266B0035D889 /* RecommendationsViewController.swift */; };
		CAE9A88329E529900035D889 /* ListsModelData.swift in Sources */ = {isa = PBXBuildFile; fileRef = CAE9A88229E529900035D889 /* ListsModelData.swift */; };
		CAE9A88529E529A30035D889 /* RecommendationsModelData.swift in Sources */ = {isa = PBXBuildFile; fileRef = CAE9A88429E529A30035D889 /* RecommendationsModelData.swift */; };
		CAE9A88829E52E940035D889 /* MovieListModelData.swift in Sources */ = {isa = PBXBuildFile; fileRef = CAE9A88729E52E940035D889 /* MovieListModelData.swift */; };
		CAE9A88A29E52ED40035D889 /* MovieListViewController.swift in Sources */ = {isa = PBXBuildFile; fileRef = CAE9A88929E52ED40035D889 /* MovieListViewController.swift */; };
		CAE9A88C29E530260035D889 /* MovieListTVC.swift in Sources */ = {isa = PBXBuildFile; fileRef = CAE9A88B29E530260035D889 /* MovieListTVC.swift */; };
/* End PBXBuildFile section */

/* Begin PBXFileReference section */
		CA00C98329D558A800950405 /* TitlesViewController.swift */ = {isa = PBXFileReference; lastKnownFileType = sourcecode.swift; path = TitlesViewController.swift; sourceTree = "<group>"; };
		CA00C98529D558C100950405 /* TitlesModelData.swift */ = {isa = PBXFileReference; lastKnownFileType = sourcecode.swift; path = TitlesModelData.swift; sourceTree = "<group>"; };
		CA00C98829D5614300950405 /* TitlesTVC.swift */ = {isa = PBXFileReference; lastKnownFileType = sourcecode.swift; path = TitlesTVC.swift; sourceTree = "<group>"; };
		CA63DF8129D7FED600E9F2E6 /* ImgView + Ext.swift */ = {isa = PBXFileReference; lastKnownFileType = sourcecode.swift; path = "ImgView + Ext.swift"; sourceTree = "<group>"; };
		CA64461629DD549C00E186A1 /* CreditsViewController.swift */ = {isa = PBXFileReference; lastKnownFileType = sourcecode.swift; path = CreditsViewController.swift; sourceTree = "<group>"; };
		CA64461829DD54B000E186A1 /* CreditsModelData.swift */ = {isa = PBXFileReference; lastKnownFileType = sourcecode.swift; path = CreditsModelData.swift; sourceTree = "<group>"; };
		CA64461A29DD55FA00E186A1 /* CreditsTVC.swift */ = {isa = PBXFileReference; lastKnownFileType = sourcecode.swift; path = CreditsTVC.swift; sourceTree = "<group>"; };
		CA64461D29DD63C200E186A1 /* ExternalViewController.swift */ = {isa = PBXFileReference; lastKnownFileType = sourcecode.swift; path = ExternalViewController.swift; sourceTree = "<group>"; };
		CA64461F29DD63D300E186A1 /* ExternalModelData.swift */ = {isa = PBXFileReference; lastKnownFileType = sourcecode.swift; path = ExternalModelData.swift; sourceTree = "<group>"; };
		CA64462229DEB06A00E186A1 /* KeywordModelData.swift */ = {isa = PBXFileReference; lastKnownFileType = sourcecode.swift; path = KeywordModelData.swift; sourceTree = "<group>"; };
		CA64462429DEB07D00E186A1 /* KeywordViewController.swift */ = {isa = PBXFileReference; lastKnownFileType = sourcecode.swift; path = KeywordViewController.swift; sourceTree = "<group>"; };
		CA64462629DEB76700E186A1 /* KeywordTVC.swift */ = {isa = PBXFileReference; lastKnownFileType = sourcecode.swift; path = KeywordTVC.swift; sourceTree = "<group>"; };
		CAA85C4F29D97A11000DE4C2 /* ChangesViewController.swift */ = {isa = PBXFileReference; lastKnownFileType = sourcecode.swift; path = ChangesViewController.swift; sourceTree = "<group>"; };
		CAA85C5129D97A38000DE4C2 /* ChangesModelData.swift */ = {isa = PBXFileReference; lastKnownFileType = sourcecode.swift; path = ChangesModelData.swift; sourceTree = "<group>"; };
		CAC0283A29EA8B1D0047AD4E /* IntroViewController.swift */ = {isa = PBXFileReference; lastKnownFileType = sourcecode.swift; path = IntroViewController.swift; sourceTree = "<group>"; };
		CAC0283C29EAA7C00047AD4E /* Button + Ext.swift */ = {isa = PBXFileReference; lastKnownFileType = sourcecode.swift; path = "Button + Ext.swift"; sourceTree = "<group>"; };
		CACAEB8229D2E1F400AC4501 /* TmdbApiIntegration.app */ = {isa = PBXFileReference; explicitFileType = wrapper.application; includeInIndex = 0; path = TmdbApiIntegration.app; sourceTree = BUILT_PRODUCTS_DIR; };
		CACAEB8529D2E1F400AC4501 /* AppDelegate.swift */ = {isa = PBXFileReference; lastKnownFileType = sourcecode.swift; path = AppDelegate.swift; sourceTree = "<group>"; };
		CACAEB8729D2E1F400AC4501 /* SceneDelegate.swift */ = {isa = PBXFileReference; lastKnownFileType = sourcecode.swift; path = SceneDelegate.swift; sourceTree = "<group>"; };
		CACAEB8929D2E1F400AC4501 /* DetailsViewController.swift */ = {isa = PBXFileReference; lastKnownFileType = sourcecode.swift; path = DetailsViewController.swift; sourceTree = "<group>"; };
		CACAEB8C29D2E1F400AC4501 /* Base */ = {isa = PBXFileReference; lastKnownFileType = file.storyboard; name = Base; path = Base.lproj/Main.storyboard; sourceTree = "<group>"; };
		CACAEB8E29D2E1F500AC4501 /* Assets.xcassets */ = {isa = PBXFileReference; lastKnownFileType = folder.assetcatalog; path = Assets.xcassets; sourceTree = "<group>"; };
		CACAEB9129D2E1F500AC4501 /* Base */ = {isa = PBXFileReference; lastKnownFileType = file.storyboard; name = Base; path = Base.lproj/LaunchScreen.storyboard; sourceTree = "<group>"; };
		CACAEB9329D2E1F500AC4501 /* Info.plist */ = {isa = PBXFileReference; lastKnownFileType = text.plist.xml; path = Info.plist; sourceTree = "<group>"; };
		CACAEB9C29D2E5A300AC4501 /* DetailsModelData.swift */ = {isa = PBXFileReference; lastKnownFileType = sourcecode.swift; path = DetailsModelData.swift; sourceTree = "<group>"; };
		CACAEB9E29D2E6CF00AC4501 /* APIManager.swift */ = {isa = PBXFileReference; lastKnownFileType = sourcecode.swift; path = APIManager.swift; sourceTree = "<group>"; };
		CAE9A87E29E5265F0035D889 /* ListsViewController.swift */ = {isa = PBXFileReference; lastKnownFileType = sourcecode.swift; path = ListsViewController.swift; sourceTree = "<group>"; };
		CAE9A88029E5266B0035D889 /* RecommendationsViewController.swift */ = {isa = PBXFileReference; lastKnownFileType = sourcecode.swift; path = RecommendationsViewController.swift; sourceTree = "<group>"; };
		CAE9A88229E529900035D889 /* ListsModelData.swift */ = {isa = PBXFileReference; lastKnownFileType = sourcecode.swift; path = ListsModelData.swift; sourceTree = "<group>"; };
		CAE9A88429E529A30035D889 /* RecommendationsModelData.swift */ = {isa = PBXFileReference; lastKnownFileType = sourcecode.swift; path = RecommendationsModelData.swift; sourceTree = "<group>"; };
		CAE9A88729E52E940035D889 /* MovieListModelData.swift */ = {isa = PBXFileReference; lastKnownFileType = sourcecode.swift; path = MovieListModelData.swift; sourceTree = "<group>"; };
		CAE9A88929E52ED40035D889 /* MovieListViewController.swift */ = {isa = PBXFileReference; lastKnownFileType = sourcecode.swift; path = MovieListViewController.swift; sourceTree = "<group>"; };
		CAE9A88B29E530260035D889 /* MovieListTVC.swift */ = {isa = PBXFileReference; lastKnownFileType = sourcecode.swift; path = MovieListTVC.swift; sourceTree = "<group>"; };
/* End PBXFileReference section */

/* Begin PBXFrameworksBuildPhase section */
		CACAEB7F29D2E1F400AC4501 /* Frameworks */ = {
			isa = PBXFrameworksBuildPhase;
			buildActionMask = 2147483647;
			files = (
				CACAEBA529D2E79B00AC4501 /* MBProgressHUD in Frameworks */,
				CACAEBA229D2E77100AC4501 /* Reachability in Frameworks */,
			);
			runOnlyForDeploymentPostprocessing = 0;
		};
/* End PBXFrameworksBuildPhase section */

/* Begin PBXGroup section */
		CA00C98229D5587000950405 /* AlternativeTitles */ = {
			isa = PBXGroup;
			children = (
				CA00C98329D558A800950405 /* TitlesViewController.swift */,
				CA00C98529D558C100950405 /* TitlesModelData.swift */,
			);
			path = AlternativeTitles;
			sourceTree = "<group>";
		};
		CA00C98729D5611C00950405 /* Cells */ = {
			isa = PBXGroup;
			children = (
				CA00C98829D5614300950405 /* TitlesTVC.swift */,
				CA64461A29DD55FA00E186A1 /* CreditsTVC.swift */,
				CA64462629DEB76700E186A1 /* KeywordTVC.swift */,
				CAE9A88B29E530260035D889 /* MovieListTVC.swift */,
			);
			path = Cells;
			sourceTree = "<group>";
		};
		CA63DF7E29D7FE8E00E9F2E6 /* Extensions */ = {
			isa = PBXGroup;
			children = (
				CACAEB9E29D2E6CF00AC4501 /* APIManager.swift */,
				CA63DF8129D7FED600E9F2E6 /* ImgView + Ext.swift */,
				CAC0283C29EAA7C00047AD4E /* Button + Ext.swift */,
			);
			path = Extensions;
			sourceTree = "<group>";
		};
		CA64461529DD547600E186A1 /* Credits */ = {
			isa = PBXGroup;
			children = (
				CA64461629DD549C00E186A1 /* CreditsViewController.swift */,
				CA64461829DD54B000E186A1 /* CreditsModelData.swift */,
			);
			path = Credits;
			sourceTree = "<group>";
		};
		CA64461C29DD62E300E186A1 /* ExternalIDs */ = {
			isa = PBXGroup;
			children = (
				CA64461D29DD63C200E186A1 /* ExternalViewController.swift */,
				CA64461F29DD63D300E186A1 /* ExternalModelData.swift */,
			);
			path = ExternalIDs;
			sourceTree = "<group>";
		};
		CA64462129DEB05800E186A1 /* Keyword */ = {
			isa = PBXGroup;
			children = (
				CA64462429DEB07D00E186A1 /* KeywordViewController.swift */,
				CA64462229DEB06A00E186A1 /* KeywordModelData.swift */,
			);
			path = Keyword;
			sourceTree = "<group>";
		};
		CAA85C4E29D979F4000DE4C2 /* Changes */ = {
			isa = PBXGroup;
			children = (
				CAA85C4F29D97A11000DE4C2 /* ChangesViewController.swift */,
				CAA85C5129D97A38000DE4C2 /* ChangesModelData.swift */,
			);
			path = Changes;
			sourceTree = "<group>";
		};
		CACAEB7929D2E1F400AC4501 = {
			isa = PBXGroup;
			children = (
				CACAEB8429D2E1F400AC4501 /* TmdbApiIntegration */,
				CACAEB8329D2E1F400AC4501 /* Products */,
			);
			sourceTree = "<group>";
		};
		CACAEB8329D2E1F400AC4501 /* Products */ = {
			isa = PBXGroup;
			children = (
				CACAEB8229D2E1F400AC4501 /* TmdbApiIntegration.app */,
			);
			name = Products;
			sourceTree = "<group>";
		};
		CACAEB8429D2E1F400AC4501 /* TmdbApiIntegration */ = {
			isa = PBXGroup;
			children = (
				CACAEB8529D2E1F400AC4501 /* AppDelegate.swift */,
				CACAEB8729D2E1F400AC4501 /* SceneDelegate.swift */,
				CA63DF7E29D7FE8E00E9F2E6 /* Extensions */,
				CA00C98729D5611C00950405 /* Cells */,
				CACAEB9A29D2E4CA00AC4501 /* ViewControllers */,
				CACAEB9929D2E4B300AC4501 /* Views */,
				CACAEB8E29D2E1F500AC4501 /* Assets.xcassets */,
				CACAEB9329D2E1F500AC4501 /* Info.plist */,
			);
			path = TmdbApiIntegration;
			sourceTree = "<group>";
		};
		CACAEB9929D2E4B300AC4501 /* Views */ = {
			isa = PBXGroup;
			children = (
				CACAEB8B29D2E1F400AC4501 /* Main.storyboard */,
				CACAEB9029D2E1F500AC4501 /* LaunchScreen.storyboard */,
			);
			path = Views;
			sourceTree = "<group>";
		};
		CACAEB9A29D2E4CA00AC4501 /* ViewControllers */ = {
			isa = PBXGroup;
			children = (
				CAE9A87D29E526470035D889 /* Recommendations */,
				CAE9A87C29E526390035D889 /* Lists */,
				CA64462129DEB05800E186A1 /* Keyword */,
				CA64461C29DD62E300E186A1 /* ExternalIDs */,
				CA64461529DD547600E186A1 /* Credits */,
				CAA85C4E29D979F4000DE4C2 /* Changes */,
				CA00C98229D5587000950405 /* AlternativeTitles */,
				CACAEB9B29D2E56400AC4501 /* Details */,
				CAE9A88629E52E720035D889 /* MovieList */,
				CAC0283A29EA8B1D0047AD4E /* IntroViewController.swift */,
			);
			path = ViewControllers;
			sourceTree = "<group>";
		};
		CACAEB9B29D2E56400AC4501 /* Details */ = {
			isa = PBXGroup;
			children = (
				CACAEB8929D2E1F400AC4501 /* DetailsViewController.swift */,
				CACAEB9C29D2E5A300AC4501 /* DetailsModelData.swift */,
			);
			path = Details;
			sourceTree = "<group>";
		};
		CAE9A87C29E526390035D889 /* Lists */ = {
			isa = PBXGroup;
			children = (
				CAE9A87E29E5265F0035D889 /* ListsViewController.swift */,
				CAE9A88229E529900035D889 /* ListsModelData.swift */,
			);
			path = Lists;
			sourceTree = "<group>";
		};
		CAE9A87D29E526470035D889 /* Recommendations */ = {
			isa = PBXGroup;
			children = (
				CAE9A88029E5266B0035D889 /* RecommendationsViewController.swift */,
				CAE9A88429E529A30035D889 /* RecommendationsModelData.swift */,
			);
			path = Recommendations;
			sourceTree = "<group>";
		};
		CAE9A88629E52E720035D889 /* MovieList */ = {
			isa = PBXGroup;
			children = (
				CAE9A88929E52ED40035D889 /* MovieListViewController.swift */,
				CAE9A88729E52E940035D889 /* MovieListModelData.swift */,
			);
			path = MovieList;
			sourceTree = "<group>";
		};
/* End PBXGroup section */

/* Begin PBXNativeTarget section */
		CACAEB8129D2E1F400AC4501 /* TmdbApiIntegration */ = {
			isa = PBXNativeTarget;
			buildConfigurationList = CACAEB9629D2E1F500AC4501 /* Build configuration list for PBXNativeTarget "TmdbApiIntegration" */;
			buildPhases = (
				CACAEB7E29D2E1F400AC4501 /* Sources */,
				CACAEB7F29D2E1F400AC4501 /* Frameworks */,
				CACAEB8029D2E1F400AC4501 /* Resources */,
			);
			buildRules = (
			);
			dependencies = (
			);
			name = TmdbApiIntegration;
			packageProductDependencies = (
				CACAEBA129D2E77100AC4501 /* Reachability */,
				CACAEBA429D2E79B00AC4501 /* MBProgressHUD */,
			);
			productName = TmdbApiIntegration;
			productReference = CACAEB8229D2E1F400AC4501 /* TmdbApiIntegration.app */;
			productType = "com.apple.product-type.application";
		};
/* End PBXNativeTarget section */

/* Begin PBXProject section */
		CACAEB7A29D2E1F400AC4501 /* Project object */ = {
			isa = PBXProject;
			attributes = {
				BuildIndependentTargetsInParallel = 1;
				LastSwiftUpdateCheck = 1420;
				LastUpgradeCheck = 1420;
				TargetAttributes = {
					CACAEB8129D2E1F400AC4501 = {
						CreatedOnToolsVersion = 14.2;
					};
				};
			};
			buildConfigurationList = CACAEB7D29D2E1F400AC4501 /* Build configuration list for PBXProject "TmdbApiIntegration" */;
			compatibilityVersion = "Xcode 14.0";
			developmentRegion = en;
			hasScannedForEncodings = 0;
			knownRegions = (
				en,
				Base,
			);
			mainGroup = CACAEB7929D2E1F400AC4501;
			packageReferences = (
				CACAEBA029D2E77100AC4501 /* XCRemoteSwiftPackageReference "Reachability" */,
				CACAEBA329D2E79B00AC4501 /* XCRemoteSwiftPackageReference "MBProgressHUD" */,
			);
			productRefGroup = CACAEB8329D2E1F400AC4501 /* Products */;
			projectDirPath = "";
			projectRoot = "";
			targets = (
				CACAEB8129D2E1F400AC4501 /* TmdbApiIntegration */,
			);
		};
/* End PBXProject section */

/* Begin PBXResourcesBuildPhase section */
		CACAEB8029D2E1F400AC4501 /* Resources */ = {
			isa = PBXResourcesBuildPhase;
			buildActionMask = 2147483647;
			files = (
				CACAEB9229D2E1F500AC4501 /* LaunchScreen.storyboard in Resources */,
				CACAEB8F29D2E1F500AC4501 /* Assets.xcassets in Resources */,
				CACAEB8D29D2E1F400AC4501 /* Main.storyboard in Resources */,
			);
			runOnlyForDeploymentPostprocessing = 0;
		};
/* End PBXResourcesBuildPhase section */

/* Begin PBXSourcesBuildPhase section */
		CACAEB7E29D2E1F400AC4501 /* Sources */ = {
			isa = PBXSourcesBuildPhase;
			buildActionMask = 2147483647;
			files = (
				CA64462529DEB07D00E186A1 /* KeywordViewController.swift in Sources */,
				CA00C98629D558C100950405 /* TitlesModelData.swift in Sources */,
				CACAEB8A29D2E1F400AC4501 /* DetailsViewController.swift in Sources */,
				CA64461929DD54B000E186A1 /* CreditsModelData.swift in Sources */,
				CACAEB8629D2E1F400AC4501 /* AppDelegate.swift in Sources */,
				CA64462329DEB06A00E186A1 /* KeywordModelData.swift in Sources */,
				CAE9A88A29E52ED40035D889 /* MovieListViewController.swift in Sources */,
				CA64462729DEB76700E186A1 /* KeywordTVC.swift in Sources */,
				CA64462029DD63D300E186A1 /* ExternalModelData.swift in Sources */,
				CACAEB9F29D2E6CF00AC4501 /* APIManager.swift in Sources */,
				CAE9A88129E5266B0035D889 /* RecommendationsViewController.swift in Sources */,
				CAA85C5029D97A11000DE4C2 /* ChangesViewController.swift in Sources */,
				CA64461B29DD55FA00E186A1 /* CreditsTVC.swift in Sources */,
				CAC0283D29EAA7C00047AD4E /* Button + Ext.swift in Sources */,
				CA00C98929D5614400950405 /* TitlesTVC.swift in Sources */,
				CAE9A88329E529900035D889 /* ListsModelData.swift in Sources */,
				CAA85C5229D97A38000DE4C2 /* ChangesModelData.swift in Sources */,
				CA64461729DD549C00E186A1 /* CreditsViewController.swift in Sources */,
				CAE9A87F29E5265F0035D889 /* ListsViewController.swift in Sources */,
				CAC0283B29EA8B1D0047AD4E /* IntroViewController.swift in Sources */,
				CA00C98429D558A800950405 /* TitlesViewController.swift in Sources */,
				CAE9A88829E52E940035D889 /* MovieListModelData.swift in Sources */,
				CAE9A88529E529A30035D889 /* RecommendationsModelData.swift in Sources */,
				CA63DF8229D7FED600E9F2E6 /* ImgView + Ext.swift in Sources */,
				CA64461E29DD63C200E186A1 /* ExternalViewController.swift in Sources */,
				CACAEB9D29D2E5A300AC4501 /* DetailsModelData.swift in Sources */,
				CAE9A88C29E530260035D889 /* MovieListTVC.swift in Sources */,
				CACAEB8829D2E1F400AC4501 /* SceneDelegate.swift in Sources */,
			);
			runOnlyForDeploymentPostprocessing = 0;
		};
/* End PBXSourcesBuildPhase section */

/* Begin PBXVariantGroup section */
		CACAEB8B29D2E1F400AC4501 /* Main.storyboard */ = {
			isa = PBXVariantGroup;
			children = (
				CACAEB8C29D2E1F400AC4501 /* Base */,
			);
			name = Main.storyboard;
			sourceTree = "<group>";
		};
		CACAEB9029D2E1F500AC4501 /* LaunchScreen.storyboard */ = {
			isa = PBXVariantGroup;
			children = (
				CACAEB9129D2E1F500AC4501 /* Base */,
			);
			name = LaunchScreen.storyboard;
			sourceTree = "<group>";
		};
/* End PBXVariantGroup section */

/* Begin XCBuildConfiguration section */
		CACAEB9429D2E1F500AC4501 /* Debug */ = {
			isa = XCBuildConfiguration;
			buildSettings = {
				ALWAYS_SEARCH_USER_PATHS = NO;
				CLANG_ANALYZER_NONNULL = YES;
				CLANG_ANALYZER_NUMBER_OBJECT_CONVERSION = YES_AGGRESSIVE;
				CLANG_CXX_LANGUAGE_STANDARD = "gnu++20";
				CLANG_ENABLE_MODULES = YES;
				CLANG_ENABLE_OBJC_ARC = YES;
				CLANG_ENABLE_OBJC_WEAK = YES;
				CLANG_WARN_BLOCK_CAPTURE_AUTORELEASING = YES;
				CLANG_WARN_BOOL_CONVERSION = YES;
				CLANG_WARN_COMMA = YES;
				CLANG_WARN_CONSTANT_CONVERSION = YES;
				CLANG_WARN_DEPRECATED_OBJC_IMPLEMENTATIONS = YES;
				CLANG_WARN_DIRECT_OBJC_ISA_USAGE = YES_ERROR;
				CLANG_WARN_DOCUMENTATION_COMMENTS = YES;
				CLANG_WARN_EMPTY_BODY = YES;
				CLANG_WARN_ENUM_CONVERSION = YES;
				CLANG_WARN_INFINITE_RECURSION = YES;
				CLANG_WARN_INT_CONVERSION = YES;
				CLANG_WARN_NON_LITERAL_NULL_CONVERSION = YES;
				CLANG_WARN_OBJC_IMPLICIT_RETAIN_SELF = YES;
				CLANG_WARN_OBJC_LITERAL_CONVERSION = YES;
				CLANG_WARN_OBJC_ROOT_CLASS = YES_ERROR;
				CLANG_WARN_QUOTED_INCLUDE_IN_FRAMEWORK_HEADER = YES;
				CLANG_WARN_RANGE_LOOP_ANALYSIS = YES;
				CLANG_WARN_STRICT_PROTOTYPES = YES;
				CLANG_WARN_SUSPICIOUS_MOVE = YES;
				CLANG_WARN_UNGUARDED_AVAILABILITY = YES_AGGRESSIVE;
				CLANG_WARN_UNREACHABLE_CODE = YES;
				CLANG_WARN__DUPLICATE_METHOD_MATCH = YES;
				COPY_PHASE_STRIP = NO;
				DEBUG_INFORMATION_FORMAT = dwarf;
				ENABLE_STRICT_OBJC_MSGSEND = YES;
				ENABLE_TESTABILITY = YES;
				GCC_C_LANGUAGE_STANDARD = gnu11;
				GCC_DYNAMIC_NO_PIC = NO;
				GCC_NO_COMMON_BLOCKS = YES;
				GCC_OPTIMIZATION_LEVEL = 0;
				GCC_PREPROCESSOR_DEFINITIONS = (
					"DEBUG=1",
					"$(inherited)",
				);
				GCC_WARN_64_TO_32_BIT_CONVERSION = YES;
				GCC_WARN_ABOUT_RETURN_TYPE = YES_ERROR;
				GCC_WARN_UNDECLARED_SELECTOR = YES;
				GCC_WARN_UNINITIALIZED_AUTOS = YES_AGGRESSIVE;
				GCC_WARN_UNUSED_FUNCTION = YES;
				GCC_WARN_UNUSED_VARIABLE = YES;
				IPHONEOS_DEPLOYMENT_TARGET = 16.2;
				MTL_ENABLE_DEBUG_INFO = INCLUDE_SOURCE;
				MTL_FAST_MATH = YES;
				ONLY_ACTIVE_ARCH = YES;
				SDKROOT = iphoneos;
				SWIFT_ACTIVE_COMPILATION_CONDITIONS = DEBUG;
				SWIFT_OPTIMIZATION_LEVEL = "-Onone";
			};
			name = Debug;
		};
		CACAEB9529D2E1F500AC4501 /* Release */ = {
			isa = XCBuildConfiguration;
			buildSettings = {
				ALWAYS_SEARCH_USER_PATHS = NO;
				CLANG_ANALYZER_NONNULL = YES;
				CLANG_ANALYZER_NUMBER_OBJECT_CONVERSION = YES_AGGRESSIVE;
				CLANG_CXX_LANGUAGE_STANDARD = "gnu++20";
				CLANG_ENABLE_MODULES = YES;
				CLANG_ENABLE_OBJC_ARC = YES;
				CLANG_ENABLE_OBJC_WEAK = YES;
				CLANG_WARN_BLOCK_CAPTURE_AUTORELEASING = YES;
				CLANG_WARN_BOOL_CONVERSION = YES;
				CLANG_WARN_COMMA = YES;
				CLANG_WARN_CONSTANT_CONVERSION = YES;
				CLANG_WARN_DEPRECATED_OBJC_IMPLEMENTATIONS = YES;
				CLANG_WARN_DIRECT_OBJC_ISA_USAGE = YES_ERROR;
				CLANG_WARN_DOCUMENTATION_COMMENTS = YES;
				CLANG_WARN_EMPTY_BODY = YES;
				CLANG_WARN_ENUM_CONVERSION = YES;
				CLANG_WARN_INFINITE_RECURSION = YES;
				CLANG_WARN_INT_CONVERSION = YES;
				CLANG_WARN_NON_LITERAL_NULL_CONVERSION = YES;
				CLANG_WARN_OBJC_IMPLICIT_RETAIN_SELF = YES;
				CLANG_WARN_OBJC_LITERAL_CONVERSION = YES;
				CLANG_WARN_OBJC_ROOT_CLASS = YES_ERROR;
				CLANG_WARN_QUOTED_INCLUDE_IN_FRAMEWORK_HEADER = YES;
				CLANG_WARN_RANGE_LOOP_ANALYSIS = YES;
				CLANG_WARN_STRICT_PROTOTYPES = YES;
				CLANG_WARN_SUSPICIOUS_MOVE = YES;
				CLANG_WARN_UNGUARDED_AVAILABILITY = YES_AGGRESSIVE;
				CLANG_WARN_UNREACHABLE_CODE = YES;
				CLANG_WARN__DUPLICATE_METHOD_MATCH = YES;
				COPY_PHASE_STRIP = NO;
				DEBUG_INFORMATION_FORMAT = "dwarf-with-dsym";
				ENABLE_NS_ASSERTIONS = NO;
				ENABLE_STRICT_OBJC_MSGSEND = YES;
				GCC_C_LANGUAGE_STANDARD = gnu11;
				GCC_NO_COMMON_BLOCKS = YES;
				GCC_WARN_64_TO_32_BIT_CONVERSION = YES;
				GCC_WARN_ABOUT_RETURN_TYPE = YES_ERROR;
				GCC_WARN_UNDECLARED_SELECTOR = YES;
				GCC_WARN_UNINITIALIZED_AUTOS = YES_AGGRESSIVE;
				GCC_WARN_UNUSED_FUNCTION = YES;
				GCC_WARN_UNUSED_VARIABLE = YES;
				IPHONEOS_DEPLOYMENT_TARGET = 16.2;
				MTL_ENABLE_DEBUG_INFO = NO;
				MTL_FAST_MATH = YES;
				SDKROOT = iphoneos;
				SWIFT_COMPILATION_MODE = wholemodule;
				SWIFT_OPTIMIZATION_LEVEL = "-O";
				VALIDATE_PRODUCT = YES;
			};
			name = Release;
		};
		CACAEB9729D2E1F500AC4501 /* Debug */ = {
			isa = XCBuildConfiguration;
			buildSettings = {
				ASSETCATALOG_COMPILER_APPICON_NAME = AppIcon;
				ASSETCATALOG_COMPILER_GLOBAL_ACCENT_COLOR_NAME = AccentColor;
				CODE_SIGN_STYLE = Automatic;
				CURRENT_PROJECT_VERSION = 1;
				DEVELOPMENT_TEAM = SDANUXUBFX;
				GENERATE_INFOPLIST_FILE = YES;
				INFOPLIST_FILE = TmdbApiIntegration/Info.plist;
				INFOPLIST_KEY_UIApplicationSupportsIndirectInputEvents = YES;
				INFOPLIST_KEY_UILaunchStoryboardName = LaunchScreen;
				INFOPLIST_KEY_UIMainStoryboardFile = Main;
				INFOPLIST_KEY_UISupportedInterfaceOrientations_iPad = "UIInterfaceOrientationPortrait UIInterfaceOrientationPortraitUpsideDown UIInterfaceOrientationLandscapeLeft UIInterfaceOrientationLandscapeRight";
				INFOPLIST_KEY_UISupportedInterfaceOrientations_iPhone = "UIInterfaceOrientationPortrait UIInterfaceOrientationLandscapeLeft UIInterfaceOrientationLandscapeRight";
				IPHONEOS_DEPLOYMENT_TARGET = 14.0;
				LD_RUNPATH_SEARCH_PATHS = (
					"$(inherited)",
					"@executable_path/Frameworks",
				);
				MARKETING_VERSION = 1.0;
				PRODUCT_BUNDLE_IDENTIFIER = com.sumayya.TmdbApiIntegration;
				PRODUCT_NAME = "$(TARGET_NAME)";
				SWIFT_EMIT_LOC_STRINGS = YES;
				SWIFT_VERSION = 5.0;
				TARGETED_DEVICE_FAMILY = "1,2";
			};
			name = Debug;
		};
		CACAEB9829D2E1F500AC4501 /* Release */ = {
			isa = XCBuildConfiguration;
			buildSettings = {
				ASSETCATALOG_COMPILER_APPICON_NAME = AppIcon;
				ASSETCATALOG_COMPILER_GLOBAL_ACCENT_COLOR_NAME = AccentColor;
				CODE_SIGN_STYLE = Automatic;
				CURRENT_PROJECT_VERSION = 1;
				DEVELOPMENT_TEAM = SDANUXUBFX;
				GENERATE_INFOPLIST_FILE = YES;
				INFOPLIST_FILE = TmdbApiIntegration/Info.plist;
				INFOPLIST_KEY_UIApplicationSupportsIndirectInputEvents = YES;
				INFOPLIST_KEY_UILaunchStoryboardName = LaunchScreen;
				INFOPLIST_KEY_UIMainStoryboardFile = Main;
				INFOPLIST_KEY_UISupportedInterfaceOrientations_iPad = "UIInterfaceOrientationPortrait UIInterfaceOrientationPortraitUpsideDown UIInterfaceOrientationLandscapeLeft UIInterfaceOrientationLandscapeRight";
				INFOPLIST_KEY_UISupportedInterfaceOrientations_iPhone = "UIInterfaceOrientationPortrait UIInterfaceOrientationLandscapeLeft UIInterfaceOrientationLandscapeRight";
				IPHONEOS_DEPLOYMENT_TARGET = 14.0;
				LD_RUNPATH_SEARCH_PATHS = (
					"$(inherited)",
					"@executable_path/Frameworks",
				);
				MARKETING_VERSION = 1.0;
				PRODUCT_BUNDLE_IDENTIFIER = com.sumayya.TmdbApiIntegration;
				PRODUCT_NAME = "$(TARGET_NAME)";
				SWIFT_EMIT_LOC_STRINGS = YES;
				SWIFT_VERSION = 5.0;
				TARGETED_DEVICE_FAMILY = "1,2";
			};
			name = Release;
		};
/* End XCBuildConfiguration section */

/* Begin XCConfigurationList section */
		CACAEB7D29D2E1F400AC4501 /* Build configuration list for PBXProject "TmdbApiIntegration" */ = {
			isa = XCConfigurationList;
			buildConfigurations = (
				CACAEB9429D2E1F500AC4501 /* Debug */,
				CACAEB9529D2E1F500AC4501 /* Release */,
			);
			defaultConfigurationIsVisible = 0;
			defaultConfigurationName = Release;
		};
		CACAEB9629D2E1F500AC4501 /* Build configuration list for PBXNativeTarget "TmdbApiIntegration" */ = {
			isa = XCConfigurationList;
			buildConfigurations = (
				CACAEB9729D2E1F500AC4501 /* Debug */,
				CACAEB9829D2E1F500AC4501 /* Release */,
			);
			defaultConfigurationIsVisible = 0;
			defaultConfigurationName = Release;
		};
/* End XCConfigurationList section */

/* Begin XCRemoteSwiftPackageReference section */
		CACAEBA029D2E77100AC4501 /* XCRemoteSwiftPackageReference "Reachability" */ = {
			isa = XCRemoteSwiftPackageReference;
			repositoryURL = "https://github.com/ashleymills/Reachability.swift";
			requirement = {
				branch = master;
				kind = branch;
			};
		};
		CACAEBA329D2E79B00AC4501 /* XCRemoteSwiftPackageReference "MBProgressHUD" */ = {
			isa = XCRemoteSwiftPackageReference;
			repositoryURL = "https://github.com/jdg/MBProgressHUD";
			requirement = {
				branch = master;
				kind = branch;
			};
		};
/* End XCRemoteSwiftPackageReference section */

/* Begin XCSwiftPackageProductDependency section */
		CACAEBA129D2E77100AC4501 /* Reachability */ = {
			isa = XCSwiftPackageProductDependency;
			package = CACAEBA029D2E77100AC4501 /* XCRemoteSwiftPackageReference "Reachability" */;
			productName = Reachability;
		};
		CACAEBA429D2E79B00AC4501 /* MBProgressHUD */ = {
			isa = XCSwiftPackageProductDependency;
			package = CACAEBA329D2E79B00AC4501 /* XCRemoteSwiftPackageReference "MBProgressHUD" */;
			productName = MBProgressHUD;
		};
/* End XCSwiftPackageProductDependency section */
	};
	rootObject = CACAEB7A29D2E1F400AC4501 /* Project object */;
}
